
Microsoft Visual Studio Solution File, Format Version 12.00
# Visual Studio Version 17
VisualStudioVersion = 17.6.33815.320
MinimumVisualStudioVersion = 10.0.40219.1
Project("{FAE04EC0-301F-11D3-BF4B-00C04F79EFBC}") = "WebFormPageDirective", "WebFormPageDirective\WebFormPageDirective.csproj", "{084AA3BC-F252-4518-A0DC-4F17A7CF6B24}"
EndProject
Global
	GlobalSection(SolutionConfigurationPlatforms) = preSolution
		Debug|Any CPU = Debug|Any CPU
		Release|Any CPU = Release|Any CPU
	EndGlobalSection
	GlobalSection(ProjectConfigurationPlatforms) = postSolution
		{084AA3BC-F252-4518-A0DC-4F17A7CF6B24}.Debug|Any CPU.ActiveCfg = Debug|Any CPU
		{084AA3BC-F252-4518-A0DC-4F17A7CF6B24}.Debug|Any CPU.Build.0 = Debug|Any CPU
		{084AA3BC-F252-4518-A0DC-4F17A7CF6B24}.Release|Any CPU.ActiveCfg = Release|Any CPU
		{084AA3BC-F252-4518-A0DC-4F17A7CF6B24}.Release|Any CPU.Build.0 = Release|Any CPU
	EndGlobalSection
	GlobalSection(SolutionProperties) = preSolution
		HideSolutionNode = FALSE
	EndGlobalSection
	GlobalSection(ExtensibilityGlobals) = postSolution
		SolutionGuid = {B5E66E75-06B8-4DB5-8A4B-5561C46FAA73}
	EndGlobalSection
EndGlobal
